
Microsoft Visual Studio Solution File, Format Version 12.00
# Visual Studio Version 16
VisualStudioVersion = 16.0.31005.135
MinimumVisualStudioVersion = 10.0.40219.1
Project("{9A19103F-16F7-4668-BE54-9A1E7A4F7556}") = "DevIO.Business", "src\DevIO.Business\DevIO.Business.csproj", "{652238B3-7513-447F-B9FD-C478F90ACF3B}"
EndProject
Project("{9A19103F-16F7-4668-BE54-9A1E7A4F7556}") = "DevIO.Data", "src\DevIO.Data\DevIO.Data.csproj", "{0C38CBCF-7164-46E9-ACEE-4FD7BC7BF793}"
EndProject
Project("{FAE04EC0-301F-11D3-BF4B-00C04F79EFBC}") = "DevIO.Api", "src\DevIO.Api\DevIO.Api.csproj", "{00F21170-F4E1-4AAE-82CC-FA08F1447460}"
EndProject
Global
	GlobalSection(SolutionConfigurationPlatforms) = preSolution
		Debug|Any CPU = Debug|Any CPU
		Release|Any CPU = Release|Any CPU
	EndGlobalSection
	GlobalSection(ProjectConfigurationPlatforms) = postSolution
		{652238B3-7513-447F-B9FD-C478F90ACF3B}.Debug|Any CPU.ActiveCfg = Debug|Any CPU
		{652238B3-7513-447F-B9FD-C478F90ACF3B}.Debug|Any CPU.Build.0 = Debug|Any CPU
		{652238B3-7513-447F-B9FD-C478F90ACF3B}.Release|Any CPU.ActiveCfg = Release|Any CPU
		{652238B3-7513-447F-B9FD-C478F90ACF3B}.Release|Any CPU.Build.0 = Release|Any CPU
		{0C38CBCF-7164-46E9-ACEE-4FD7BC7BF793}.Debug|Any CPU.ActiveCfg = Debug|Any CPU
		{0C38CBCF-7164-46E9-ACEE-4FD7BC7BF793}.Debug|Any CPU.Build.0 = Debug|Any CPU
		{0C38CBCF-7164-46E9-ACEE-4FD7BC7BF793}.Release|Any CPU.ActiveCfg = Release|Any CPU
		{0C38CBCF-7164-46E9-ACEE-4FD7BC7BF793}.Release|Any CPU.Build.0 = Release|Any CPU
		{00F21170-F4E1-4AAE-82CC-FA08F1447460}.Debug|Any CPU.ActiveCfg = Debug|Any CPU
		{00F21170-F4E1-4AAE-82CC-FA08F1447460}.Debug|Any CPU.Build.0 = Debug|Any CPU
		{00F21170-F4E1-4AAE-82CC-FA08F1447460}.Release|Any CPU.ActiveCfg = Release|Any CPU
		{00F21170-F4E1-4AAE-82CC-FA08F1447460}.Release|Any CPU.Build.0 = Release|Any CPU
	EndGlobalSection
	GlobalSection(SolutionProperties) = preSolution
		HideSolutionNode = FALSE
	EndGlobalSection
	GlobalSection(ExtensibilityGlobals) = postSolution
		SolutionGuid = {9F5436F4-6686-48AC-A00D-AE6F333CEDBC}
	EndGlobalSection
EndGlobal
