
Microsoft Visual Studio Solution File, Format Version 12.00
# Visual Studio Version 16
VisualStudioVersion = 16.0.29025.244
MinimumVisualStudioVersion = 10.0.40219.1
Project("{FAE04EC0-301F-11D3-BF4B-00C04F79EFBC}") = "AspNetCoreIdentity", "AspNetCoreIdentity\AspNetCoreIdentity.csproj", "{64081E92-3B4B-4AE5-A98B-25955FAD9275}"
EndProject
Global
	GlobalSection(SolutionConfigurationPlatforms) = preSolution
		Debug|Any CPU = Debug|Any CPU
		Release|Any CPU = Release|Any CPU
	EndGlobalSection
	GlobalSection(ProjectConfigurationPlatforms) = postSolution
		{64081E92-3B4B-4AE5-A98B-25955FAD9275}.Debug|Any CPU.ActiveCfg = Debug|Any CPU
		{64081E92-3B4B-4AE5-A98B-25955FAD9275}.Debug|Any CPU.Build.0 = Debug|Any CPU
		{64081E92-3B4B-4AE5-A98B-25955FAD9275}.Release|Any CPU.ActiveCfg = Release|Any CPU
		{64081E92-3B4B-4AE5-A98B-25955FAD9275}.Release|Any CPU.Build.0 = Release|Any CPU
	EndGlobalSection
	GlobalSection(SolutionProperties) = preSolution
		HideSolutionNode = FALSE
	EndGlobalSection
	GlobalSection(ExtensibilityGlobals) = postSolution
		SolutionGuid = {0FDDC94B-9F75-4F92-A39A-7D3152EEC3FB}
	EndGlobalSection
EndGlobal
